
Microsoft Visual Studio Solution File, Format Version 12.00
# Visual Studio 15
VisualStudioVersion = 15.0.27130.2036
MinimumVisualStudioVersion = 10.0.40219.1
Project("{8BC9CEB8-8B4A-11D0-8D11-00A0C91BC942}") = "Project3", "Project3\Project3.vcxproj", "{B4C36C1B-8983-4748-8294-F5D34797AB4A}"
EndProject
Global
	GlobalSection(SolutionConfigurationPlatforms) = preSolution
		Debug|x64 = Debug|x64
		Debug|x86 = Debug|x86
		Release|x64 = Release|x64
		Release|x86 = Release|x86
	EndGlobalSection
	GlobalSection(ProjectConfigurationPlatforms) = postSolution
		{B4C36C1B-8983-4748-8294-F5D34797AB4A}.Debug|x64.ActiveCfg = Debug|x64
		{B4C36C1B-8983-4748-8294-F5D34797AB4A}.Debug|x64.Build.0 = Debug|x64
		{B4C36C1B-8983-4748-8294-F5D34797AB4A}.Debug|x86.ActiveCfg = Debug|Win32
		{B4C36C1B-8983-4748-8294-F5D34797AB4A}.Debug|x86.Build.0 = Debug|Win32
		{B4C36C1B-8983-4748-8294-F5D34797AB4A}.Release|x64.ActiveCfg = Release|x64
		{B4C36C1B-8983-4748-8294-F5D34797AB4A}.Release|x64.Build.0 = Release|x64
		{B4C36C1B-8983-4748-8294-F5D34797AB4A}.Release|x86.ActiveCfg = Release|Win32
		{B4C36C1B-8983-4748-8294-F5D34797AB4A}.Release|x86.Build.0 = Release|Win32
	EndGlobalSection
	GlobalSection(SolutionProperties) = preSolution
		HideSolutionNode = FALSE
	EndGlobalSection
	GlobalSection(ExtensibilityGlobals) = postSolution
		SolutionGuid = {CF16DE14-5AC1-438E-B551-CCB90D4D38C7}
	EndGlobalSection
EndGlobal
